
Microsoft Visual Studio Solution File, Format Version 12.00
# Visual Studio Version 17
VisualStudioVersion = 17.4.33213.308
MinimumVisualStudioVersion = 10.0.40219.1
Project("{FAE04EC0-301F-11D3-BF4B-00C04F79EFBC}") = "TestPosadskiyMonopoly", "TestPosadskiyMonopoly\TestPosadskiyMonopoly.csproj", "{98542EA0-2434-44D9-9E90-DC7F27023ED1}"
EndProject
Global
	GlobalSection(SolutionConfigurationPlatforms) = preSolution
		Debug|Any CPU = Debug|Any CPU
		Release|Any CPU = Release|Any CPU
	EndGlobalSection
	GlobalSection(ProjectConfigurationPlatforms) = postSolution
		{98542EA0-2434-44D9-9E90-DC7F27023ED1}.Debug|Any CPU.ActiveCfg = Debug|Any CPU
		{98542EA0-2434-44D9-9E90-DC7F27023ED1}.Debug|Any CPU.Build.0 = Debug|Any CPU
		{98542EA0-2434-44D9-9E90-DC7F27023ED1}.Release|Any CPU.ActiveCfg = Release|Any CPU
		{98542EA0-2434-44D9-9E90-DC7F27023ED1}.Release|Any CPU.Build.0 = Release|Any CPU
	EndGlobalSection
	GlobalSection(SolutionProperties) = preSolution
		HideSolutionNode = FALSE
	EndGlobalSection
	GlobalSection(ExtensibilityGlobals) = postSolution
		SolutionGuid = {C7797669-4BFC-4032-A0D8-0CD211904C9B}
	EndGlobalSection
EndGlobal
